
Microsoft Visual Studio Solution File, Format Version 12.00
# Visual Studio Express 2013 for Windows Desktop
VisualStudioVersion = 12.0.30723.0
MinimumVisualStudioVersion = 10.0.40219.1
Project("{FAE04EC0-301F-11D3-BF4B-00C04F79EFBC}") = "AlgoTest", "AlgoTest\AlgoTest.csproj", "{7D024C24-D72A-4090-ABB0-BD0137B6B51B}"
EndProject
Project("{FAE04EC0-301F-11D3-BF4B-00C04F79EFBC}") = "Algo", "Algo\Algo.csproj", "{E1826A16-175E-4510-BEAE-D1C9454720B3}"
EndProject
Global
	GlobalSection(SolutionConfigurationPlatforms) = preSolution
		Debug|Any CPU = Debug|Any CPU
		Release|Any CPU = Release|Any CPU
	EndGlobalSection
	GlobalSection(ProjectConfigurationPlatforms) = postSolution
		{7D024C24-D72A-4090-ABB0-BD0137B6B51B}.Debug|Any CPU.ActiveCfg = Debug|Any CPU
		{7D024C24-D72A-4090-ABB0-BD0137B6B51B}.Debug|Any CPU.Build.0 = Debug|Any CPU
		{7D024C24-D72A-4090-ABB0-BD0137B6B51B}.Release|Any CPU.ActiveCfg = Release|Any CPU
		{7D024C24-D72A-4090-ABB0-BD0137B6B51B}.Release|Any CPU.Build.0 = Release|Any CPU
		{E1826A16-175E-4510-BEAE-D1C9454720B3}.Debug|Any CPU.ActiveCfg = Debug|Any CPU
		{E1826A16-175E-4510-BEAE-D1C9454720B3}.Debug|Any CPU.Build.0 = Debug|Any CPU
		{E1826A16-175E-4510-BEAE-D1C9454720B3}.Release|Any CPU.ActiveCfg = Release|Any CPU
		{E1826A16-175E-4510-BEAE-D1C9454720B3}.Release|Any CPU.Build.0 = Release|Any CPU
	EndGlobalSection
	GlobalSection(SolutionProperties) = preSolution
		HideSolutionNode = FALSE
	EndGlobalSection
EndGlobal
